
Microsoft Visual Studio Solution File, Format Version 12.00
# Visual Studio Version 17
VisualStudioVersion = 17.8.34525.116
MinimumVisualStudioVersion = 10.0.40219.1
Project("{9A19103F-16F7-4668-BE54-9A1E7A4F7556}") = "TestExerciseSK", "TestExerciseSK\TestExerciseSK.csproj", "{68262495-AB8A-4A55-BF38-BB29BC6845CC}"
EndProject
Project("{FAE04EC0-301F-11D3-BF4B-00C04F79EFBC}") = "TestExerciseSKTests", "TestExerciseSKTests\TestExerciseSKTests.csproj", "{7EA1CF04-E6F7-4F4B-9528-6F4D97FE4A60}"
EndProject
Global
	GlobalSection(SolutionConfigurationPlatforms) = preSolution
		Debug|Any CPU = Debug|Any CPU
		Release|Any CPU = Release|Any CPU
	EndGlobalSection
	GlobalSection(ProjectConfigurationPlatforms) = postSolution
		{68262495-AB8A-4A55-BF38-BB29BC6845CC}.Debug|Any CPU.ActiveCfg = Debug|Any CPU
		{68262495-AB8A-4A55-BF38-BB29BC6845CC}.Debug|Any CPU.Build.0 = Debug|Any CPU
		{68262495-AB8A-4A55-BF38-BB29BC6845CC}.Release|Any CPU.ActiveCfg = Release|Any CPU
		{68262495-AB8A-4A55-BF38-BB29BC6845CC}.Release|Any CPU.Build.0 = Release|Any CPU
		{7EA1CF04-E6F7-4F4B-9528-6F4D97FE4A60}.Debug|Any CPU.ActiveCfg = Debug|Any CPU
		{7EA1CF04-E6F7-4F4B-9528-6F4D97FE4A60}.Debug|Any CPU.Build.0 = Debug|Any CPU
		{7EA1CF04-E6F7-4F4B-9528-6F4D97FE4A60}.Release|Any CPU.ActiveCfg = Release|Any CPU
		{7EA1CF04-E6F7-4F4B-9528-6F4D97FE4A60}.Release|Any CPU.Build.0 = Release|Any CPU
	EndGlobalSection
	GlobalSection(SolutionProperties) = preSolution
		HideSolutionNode = FALSE
	EndGlobalSection
	GlobalSection(ExtensibilityGlobals) = postSolution
		SolutionGuid = {06D28C52-E817-4F63-96B1-BF33E75E8B42}
	EndGlobalSection
EndGlobal
